// !$*UTF8*$!
{
	archiveVersion = 1;
	classes = {
	};
	objectVersion = 46;
	objects = {

/* Begin PBXBuildFile section */
		525D1B65195FD9C300410DE1 /* Foundation.framework in Frameworks */ = {isa = PBXBuildFile; fileRef = 525D1B64195FD9C300410DE1 /* Foundation.framework */; };
		525D1B67195FD9C300410DE1 /* CoreGraphics.framework in Frameworks */ = {isa = PBXBuildFile; fileRef = 525D1B66195FD9C300410DE1 /* CoreGraphics.framework */; };
		525D1B69195FD9C300410DE1 /* UIKit.framework in Frameworks */ = {isa = PBXBuildFile; fileRef = 525D1B68195FD9C300410DE1 /* UIKit.framework */; };
		525D1B6F195FD9C300410DE1 /* InfoPlist.strings in Resources */ = {isa = PBXBuildFile; fileRef = 525D1B6D195FD9C300410DE1 /* InfoPlist.strings */; };
		525D1B71195FD9C300410DE1 /* main.m in Sources */ = {isa = PBXBuildFile; fileRef = 525D1B70195FD9C300410DE1 /* main.m */; };
		525D1B75195FD9C300410DE1 /* CDAppDelegate.m in Sources */ = {isa = PBXBuildFile; fileRef = 525D1B74195FD9C300410DE1 /* CDAppDelegate.m */; };
		525D1B77195FD9C300410DE1 /* Images.xcassets in Resources */ = {isa = PBXBuildFile; fileRef = 525D1B76195FD9C300410DE1 /* Images.xcassets */; };
		525D1B7E195FD9C300410DE1 /* XCTest.framework in Frameworks */ = {isa = PBXBuildFile; fileRef = 525D1B7D195FD9C300410DE1 /* XCTest.framework */; };
		525D1B7F195FD9C300410DE1 /* Foundation.framework in Frameworks */ = {isa = PBXBuildFile; fileRef = 525D1B64195FD9C300410DE1 /* Foundation.framework */; };
		525D1B80195FD9C300410DE1 /* UIKit.framework in Frameworks */ = {isa = PBXBuildFile; fileRef = 525D1B68195FD9C300410DE1 /* UIKit.framework */; };
		525D1B88195FD9C300410DE1 /* InfoPlist.strings in Resources */ = {isa = PBXBuildFile; fileRef = 525D1B86195FD9C300410DE1 /* InfoPlist.strings */; };
		525D1B8A195FD9C300410DE1 /* CB_DemoTests.m in Sources */ = {isa = PBXBuildFile; fileRef = 525D1B89195FD9C300410DE1 /* CB_DemoTests.m */; };
		525D1B9E195FDA1700410DE1 /* libCocoaBloc.a in Frameworks */ = {isa = PBXBuildFile; fileRef = 525D1B99195FDA0200410DE1 /* libCocoaBloc.a */; };
/* End PBXBuildFile section */

/* Begin PBXContainerItemProxy section */
		525D1B81195FD9C300410DE1 /* PBXContainerItemProxy */ = {
			isa = PBXContainerItemProxy;
			containerPortal = 525D1B59195FD9C300410DE1 /* Project object */;
			proxyType = 1;
			remoteGlobalIDString = 525D1B60195FD9C300410DE1;
			remoteInfo = "CB Demo";
		};
		525D1B98195FDA0200410DE1 /* PBXContainerItemProxy */ = {
			isa = PBXContainerItemProxy;
			containerPortal = 525D1B93195FDA0200410DE1 /* CocoaBloc.xcodeproj */;
			proxyType = 2;
			remoteGlobalIDString = 525D1B2F195FD7A600410DE1;
			remoteInfo = CocoaBloc;
		};
		525D1B9A195FDA0200410DE1 /* PBXContainerItemProxy */ = {
			isa = PBXContainerItemProxy;
			containerPortal = 525D1B93195FDA0200410DE1 /* CocoaBloc.xcodeproj */;
			proxyType = 2;
			remoteGlobalIDString = 525D1B3F195FD7A600410DE1;
			remoteInfo = CocoaBlocTests;
		};
		525D1B9C195FDA0700410DE1 /* PBXContainerItemProxy */ = {
			isa = PBXContainerItemProxy;
			containerPortal = 525D1B93195FDA0200410DE1 /* CocoaBloc.xcodeproj */;
			proxyType = 1;
			remoteGlobalIDString = 525D1B2E195FD7A600410DE1;
			remoteInfo = CocoaBloc;
		};
/* End PBXContainerItemProxy section */

/* Begin PBXFileReference section */
		525D1B61195FD9C300410DE1 /* CB Demo.app */ = {isa = PBXFileReference; explicitFileType = wrapper.application; includeInIndex = 0; path = "CB Demo.app"; sourceTree = BUILT_PRODUCTS_DIR; };
		525D1B64195FD9C300410DE1 /* Foundation.framework */ = {isa = PBXFileReference; lastKnownFileType = wrapper.framework; name = Foundation.framework; path = System/Library/Frameworks/Foundation.framework; sourceTree = SDKROOT; };
		525D1B66195FD9C300410DE1 /* CoreGraphics.framework */ = {isa = PBXFileReference; lastKnownFileType = wrapper.framework; name = CoreGraphics.framework; path = System/Library/Frameworks/CoreGraphics.framework; sourceTree = SDKROOT; };
		525D1B68195FD9C300410DE1 /* UIKit.framework */ = {isa = PBXFileReference; lastKnownFileType = wrapper.framework; name = UIKit.framework; path = System/Library/Frameworks/UIKit.framework; sourceTree = SDKROOT; };
		525D1B6C195FD9C300410DE1 /* CB Demo-Info.plist */ = {isa = PBXFileReference; lastKnownFileType = text.plist.xml; path = "CB Demo-Info.plist"; sourceTree = "<group>"; };
		525D1B6E195FD9C300410DE1 /* en */ = {isa = PBXFileReference; lastKnownFileType = text.plist.strings; name = en; path = en.lproj/InfoPlist.strings; sourceTree = "<group>"; };
		525D1B70195FD9C300410DE1 /* main.m */ = {isa = PBXFileReference; lastKnownFileType = sourcecode.c.objc; path = main.m; sourceTree = "<group>"; };
		525D1B72195FD9C300410DE1 /* CB Demo-Prefix.pch */ = {isa = PBXFileReference; lastKnownFileType = sourcecode.c.h; path = "CB Demo-Prefix.pch"; sourceTree = "<group>"; };
		525D1B73195FD9C300410DE1 /* CDAppDelegate.h */ = {isa = PBXFileReference; lastKnownFileType = sourcecode.c.h; path = CDAppDelegate.h; sourceTree = "<group>"; };
		525D1B74195FD9C300410DE1 /* CDAppDelegate.m */ = {isa = PBXFileReference; lastKnownFileType = sourcecode.c.objc; path = CDAppDelegate.m; sourceTree = "<group>"; };
		525D1B76195FD9C300410DE1 /* Images.xcassets */ = {isa = PBXFileReference; lastKnownFileType = folder.assetcatalog; path = Images.xcassets; sourceTree = "<group>"; };
		525D1B7C195FD9C300410DE1 /* CB DemoTests.xctest */ = {isa = PBXFileReference; explicitFileType = wrapper.cfbundle; includeInIndex = 0; path = "CB DemoTests.xctest"; sourceTree = BUILT_PRODUCTS_DIR; };
		525D1B7D195FD9C300410DE1 /* XCTest.framework */ = {isa = PBXFileReference; lastKnownFileType = wrapper.framework; name = XCTest.framework; path = Library/Frameworks/XCTest.framework; sourceTree = DEVELOPER_DIR; };
		525D1B85195FD9C300410DE1 /* CB DemoTests-Info.plist */ = {isa = PBXFileReference; lastKnownFileType = text.plist.xml; path = "CB DemoTests-Info.plist"; sourceTree = "<group>"; };
		525D1B87195FD9C300410DE1 /* en */ = {isa = PBXFileReference; lastKnownFileType = text.plist.strings; name = en; path = en.lproj/InfoPlist.strings; sourceTree = "<group>"; };
		525D1B89195FD9C300410DE1 /* CB_DemoTests.m */ = {isa = PBXFileReference; lastKnownFileType = sourcecode.c.objc; path = CB_DemoTests.m; sourceTree = "<group>"; };
		525D1B93195FDA0200410DE1 /* CocoaBloc.xcodeproj */ = {isa = PBXFileReference; lastKnownFileType = "wrapper.pb-project"; name = CocoaBloc.xcodeproj; path = "../Static Library/CocoaBloc.xcodeproj"; sourceTree = "<group>"; };
/* End PBXFileReference section */

/* Begin PBXFrameworksBuildPhase section */
		525D1B5E195FD9C300410DE1 /* Frameworks */ = {
			isa = PBXFrameworksBuildPhase;
			buildActionMask = 2147483647;
			files = (
				525D1B67195FD9C300410DE1 /* CoreGraphics.framework in Frameworks */,
				525D1B69195FD9C300410DE1 /* UIKit.framework in Frameworks */,
				525D1B65195FD9C300410DE1 /* Foundation.framework in Frameworks */,
				525D1B9E195FDA1700410DE1 /* libCocoaBloc.a in Frameworks */,
			);
			runOnlyForDeploymentPostprocessing = 0;
		};
		525D1B79195FD9C300410DE1 /* Frameworks */ = {
			isa = PBXFrameworksBuildPhase;
			buildActionMask = 2147483647;
			files = (
				525D1B7E195FD9C300410DE1 /* XCTest.framework in Frameworks */,
				525D1B80195FD9C300410DE1 /* UIKit.framework in Frameworks */,
				525D1B7F195FD9C300410DE1 /* Foundation.framework in Frameworks */,
			);
			runOnlyForDeploymentPostprocessing = 0;
		};
/* End PBXFrameworksBuildPhase section */

/* Begin PBXGroup section */
		525D1B58195FD9C300410DE1 = {
			isa = PBXGroup;
			children = (
				525D1B93195FDA0200410DE1 /* CocoaBloc.xcodeproj */,
				525D1B6A195FD9C300410DE1 /* CB Demo */,
				525D1B83195FD9C300410DE1 /* CB DemoTests */,
				525D1B63195FD9C300410DE1 /* Frameworks */,
				525D1B62195FD9C300410DE1 /* Products */,
			);
			sourceTree = "<group>";
		};
		525D1B62195FD9C300410DE1 /* Products */ = {
			isa = PBXGroup;
			children = (
				525D1B61195FD9C300410DE1 /* CB Demo.app */,
				525D1B7C195FD9C300410DE1 /* CB DemoTests.xctest */,
			);
			name = Products;
			sourceTree = "<group>";
		};
		525D1B63195FD9C300410DE1 /* Frameworks */ = {
			isa = PBXGroup;
			children = (
				525D1B64195FD9C300410DE1 /* Foundation.framework */,
				525D1B66195FD9C300410DE1 /* CoreGraphics.framework */,
				525D1B68195FD9C300410DE1 /* UIKit.framework */,
				525D1B7D195FD9C300410DE1 /* XCTest.framework */,
			);
			name = Frameworks;
			sourceTree = "<group>";
		};
		525D1B6A195FD9C300410DE1 /* CB Demo */ = {
			isa = PBXGroup;
			children = (
				525D1B73195FD9C300410DE1 /* CDAppDelegate.h */,
				525D1B74195FD9C300410DE1 /* CDAppDelegate.m */,
				525D1B76195FD9C300410DE1 /* Images.xcassets */,
				525D1B6B195FD9C300410DE1 /* Supporting Files */,
			);
			path = "CB Demo";
			sourceTree = "<group>";
		};
		525D1B6B195FD9C300410DE1 /* Supporting Files */ = {
			isa = PBXGroup;
			children = (
				525D1B6C195FD9C300410DE1 /* CB Demo-Info.plist */,
				525D1B6D195FD9C300410DE1 /* InfoPlist.strings */,
				525D1B70195FD9C300410DE1 /* main.m */,
				525D1B72195FD9C300410DE1 /* CB Demo-Prefix.pch */,
			);
			name = "Supporting Files";
			sourceTree = "<group>";
		};
		525D1B83195FD9C300410DE1 /* CB DemoTests */ = {
			isa = PBXGroup;
			children = (
				525D1B89195FD9C300410DE1 /* CB_DemoTests.m */,
				525D1B84195FD9C300410DE1 /* Supporting Files */,
			);
			path = "CB DemoTests";
			sourceTree = "<group>";
		};
		525D1B84195FD9C300410DE1 /* Supporting Files */ = {
			isa = PBXGroup;
			children = (
				525D1B85195FD9C300410DE1 /* CB DemoTests-Info.plist */,
				525D1B86195FD9C300410DE1 /* InfoPlist.strings */,
			);
			name = "Supporting Files";
			sourceTree = "<group>";
		};
		525D1B94195FDA0200410DE1 /* Products */ = {
			isa = PBXGroup;
			children = (
				525D1B99195FDA0200410DE1 /* libCocoaBloc.a */,
				525D1B9B195FDA0200410DE1 /* CocoaBlocTests.xctest */,
			);
			name = Products;
			sourceTree = "<group>";
		};
/* End PBXGroup section */

/* Begin PBXNativeTarget section */
		525D1B60195FD9C300410DE1 /* CB Demo */ = {
			isa = PBXNativeTarget;
			buildConfigurationList = 525D1B8D195FD9C300410DE1 /* Build configuration list for PBXNativeTarget "CB Demo" */;
			buildPhases = (
				525D1B5D195FD9C300410DE1 /* Sources */,
				525D1B5E195FD9C300410DE1 /* Frameworks */,
				525D1B5F195FD9C300410DE1 /* Resources */,
			);
			buildRules = (
			);
			dependencies = (
				525D1B9D195FDA0700410DE1 /* PBXTargetDependency */,
			);
			name = "CB Demo";
			productName = "CB Demo";
			productReference = 525D1B61195FD9C300410DE1 /* CB Demo.app */;
			productType = "com.apple.product-type.application";
		};
		525D1B7B195FD9C300410DE1 /* CB DemoTests */ = {
			isa = PBXNativeTarget;
			buildConfigurationList = 525D1B90195FD9C300410DE1 /* Build configuration list for PBXNativeTarget "CB DemoTests" */;
			buildPhases = (
				525D1B78195FD9C300410DE1 /* Sources */,
				525D1B79195FD9C300410DE1 /* Frameworks */,
				525D1B7A195FD9C300410DE1 /* Resources */,
			);
			buildRules = (
			);
			dependencies = (
				525D1B82195FD9C300410DE1 /* PBXTargetDependency */,
			);
			name = "CB DemoTests";
			productName = "CB DemoTests";
			productReference = 525D1B7C195FD9C300410DE1 /* CB DemoTests.xctest */;
			productType = "com.apple.product-type.bundle.unit-test";
		};
/* End PBXNativeTarget section */

/* Begin PBXProject section */
		525D1B59195FD9C300410DE1 /* Project object */ = {
			isa = PBXProject;
			attributes = {
				CLASSPREFIX = CD;
				LastUpgradeCheck = 0510;
				ORGANIZATIONNAME = StageBloc;
				TargetAttributes = {
					525D1B7B195FD9C300410DE1 = {
						TestTargetID = 525D1B60195FD9C300410DE1;
					};
				};
			};
			buildConfigurationList = 525D1B5C195FD9C300410DE1 /* Build configuration list for PBXProject "CB Demo" */;
			compatibilityVersion = "Xcode 3.2";
			developmentRegion = English;
			hasScannedForEncodings = 0;
			knownRegions = (
				en,
			);
			mainGroup = 525D1B58195FD9C300410DE1;
			productRefGroup = 525D1B62195FD9C300410DE1 /* Products */;
			projectDirPath = "";
			projectReferences = (
				{
					ProductGroup = 525D1B94195FDA0200410DE1 /* Products */;
					ProjectRef = 525D1B93195FDA0200410DE1 /* CocoaBloc.xcodeproj */;
				},
			);
			projectRoot = "";
			targets = (
				525D1B60195FD9C300410DE1 /* CB Demo */,
				525D1B7B195FD9C300410DE1 /* CB DemoTests */,
			);
		};
/* End PBXProject section */

/* Begin PBXReferenceProxy section */
		525D1B99195FDA0200410DE1 /* libCocoaBloc.a */ = {
			isa = PBXReferenceProxy;
			fileType = archive.ar;
			path = libCocoaBloc.a;
			remoteRef = 525D1B98195FDA0200410DE1 /* PBXContainerItemProxy */;
			sourceTree = BUILT_PRODUCTS_DIR;
		};
		525D1B9B195FDA0200410DE1 /* CocoaBlocTests.xctest */ = {
			isa = PBXReferenceProxy;
			fileType = wrapper.cfbundle;
			path = CocoaBlocTests.xctest;
			remoteRef = 525D1B9A195FDA0200410DE1 /* PBXContainerItemProxy */;
			sourceTree = BUILT_PRODUCTS_DIR;
		};
/* End PBXReferenceProxy section */

/* Begin PBXResourcesBuildPhase section */
		525D1B5F195FD9C300410DE1 /* Resources */ = {
			isa = PBXResourcesBuildPhase;
			buildActionMask = 2147483647;
			files = (
				525D1B6F195FD9C300410DE1 /* InfoPlist.strings in Resources */,
				525D1B77195FD9C300410DE1 /* Images.xcassets in Resources */,
			);
			runOnlyForDeploymentPostprocessing = 0;
		};
		525D1B7A195FD9C300410DE1 /* Resources */ = {
			isa = PBXResourcesBuildPhase;
			buildActionMask = 2147483647;
			files = (
				525D1B88195FD9C300410DE1 /* InfoPlist.strings in Resources */,
			);
			runOnlyForDeploymentPostprocessing = 0;
		};
/* End PBXResourcesBuildPhase section */

/* Begin PBXSourcesBuildPhase section */
		525D1B5D195FD9C300410DE1 /* Sources */ = {
			isa = PBXSourcesBuildPhase;
			buildActionMask = 2147483647;
			files = (
				525D1B71195FD9C300410DE1 /* main.m in Sources */,
				525D1B75195FD9C300410DE1 /* CDAppDelegate.m in Sources */,
			);
			runOnlyForDeploymentPostprocessing = 0;
		};
		525D1B78195FD9C300410DE1 /* Sources */ = {
			isa = PBXSourcesBuildPhase;
			buildActionMask = 2147483647;
			files = (
				525D1B8A195FD9C300410DE1 /* CB_DemoTests.m in Sources */,
			);
			runOnlyForDeploymentPostprocessing = 0;
		};
/* End PBXSourcesBuildPhase section */

/* Begin PBXTargetDependency section */
		525D1B82195FD9C300410DE1 /* PBXTargetDependency */ = {
			isa = PBXTargetDependency;
			target = 525D1B60195FD9C300410DE1 /* CB Demo */;
			targetProxy = 525D1B81195FD9C300410DE1 /* PBXContainerItemProxy */;
		};
		525D1B9D195FDA0700410DE1 /* PBXTargetDependency */ = {
			isa = PBXTargetDependency;
			name = CocoaBloc;
			targetProxy = 525D1B9C195FDA0700410DE1 /* PBXContainerItemProxy */;
		};
/* End PBXTargetDependency section */

/* Begin PBXVariantGroup section */
		525D1B6D195FD9C300410DE1 /* InfoPlist.strings */ = {
			isa = PBXVariantGroup;
			children = (
				525D1B6E195FD9C300410DE1 /* en */,
			);
			name = InfoPlist.strings;
			sourceTree = "<group>";
		};
		525D1B86195FD9C300410DE1 /* InfoPlist.strings */ = {
			isa = PBXVariantGroup;
			children = (
				525D1B87195FD9C300410DE1 /* en */,
			);
			name = InfoPlist.strings;
			sourceTree = "<group>";
		};
/* End PBXVariantGroup section */

/* Begin XCBuildConfiguration section */
		525D1B8B195FD9C300410DE1 /* Debug */ = {
			isa = XCBuildConfiguration;
			buildSettings = {
				ALWAYS_SEARCH_USER_PATHS = NO;
				CLANG_CXX_LANGUAGE_STANDARD = "gnu++0x";
				CLANG_CXX_LIBRARY = "libc++";
				CLANG_ENABLE_MODULES = YES;
				CLANG_ENABLE_OBJC_ARC = YES;
				CLANG_WARN_BOOL_CONVERSION = YES;
				CLANG_WARN_CONSTANT_CONVERSION = YES;
				CLANG_WARN_DIRECT_OBJC_ISA_USAGE = YES_ERROR;
				CLANG_WARN_EMPTY_BODY = YES;
				CLANG_WARN_ENUM_CONVERSION = YES;
				CLANG_WARN_INT_CONVERSION = YES;
				CLANG_WARN_OBJC_ROOT_CLASS = YES_ERROR;
				CLANG_WARN__DUPLICATE_METHOD_MATCH = YES;
				"CODE_SIGN_IDENTITY[sdk=iphoneos*]" = "iPhone Developer";
				COPY_PHASE_STRIP = NO;
				GCC_C_LANGUAGE_STANDARD = gnu99;
				GCC_DYNAMIC_NO_PIC = NO;
				GCC_OPTIMIZATION_LEVEL = 0;
				GCC_PREPROCESSOR_DEFINITIONS = (
					"DEBUG=1",
					"$(inherited)",
				);
				GCC_SYMBOLS_PRIVATE_EXTERN = NO;
				GCC_WARN_64_TO_32_BIT_CONVERSION = YES;
				GCC_WARN_ABOUT_RETURN_TYPE = YES_ERROR;
				GCC_WARN_UNDECLARED_SELECTOR = YES;
				GCC_WARN_UNINITIALIZED_AUTOS = YES_AGGRESSIVE;
				GCC_WARN_UNUSED_FUNCTION = YES;
				GCC_WARN_UNUSED_VARIABLE = YES;
				HEADER_SEARCH_PATHS = (
					"\"$(SRCROOT)/Static Library\"",
					"$(inherited)",
					/Applications/Xcode.app/Contents/Developer/Toolchains/XcodeDefault.xctoolchain/usr/include,
				);
				IPHONEOS_DEPLOYMENT_TARGET = 7.1;
				ONLY_ACTIVE_ARCH = YES;
				SDKROOT = iphoneos;
			};
			name = Debug;
		};
		525D1B8C195FD9C300410DE1 /* Release */ = {
			isa = XCBuildConfiguration;
			buildSettings = {
				ALWAYS_SEARCH_USER_PATHS = NO;
				CLANG_CXX_LANGUAGE_STANDARD = "gnu++0x";
				CLANG_CXX_LIBRARY = "libc++";
				CLANG_ENABLE_MODULES = YES;
				CLANG_ENABLE_OBJC_ARC = YES;
				CLANG_WARN_BOOL_CONVERSION = YES;
				CLANG_WARN_CONSTANT_CONVERSION = YES;
				CLANG_WARN_DIRECT_OBJC_ISA_USAGE = YES_ERROR;
				CLANG_WARN_EMPTY_BODY = YES;
				CLANG_WARN_ENUM_CONVERSION = YES;
				CLANG_WARN_INT_CONVERSION = YES;
				CLANG_WARN_OBJC_ROOT_CLASS = YES_ERROR;
				CLANG_WARN__DUPLICATE_METHOD_MATCH = YES;
				"CODE_SIGN_IDENTITY[sdk=iphoneos*]" = "iPhone Developer";
				COPY_PHASE_STRIP = YES;
				ENABLE_NS_ASSERTIONS = NO;
				GCC_C_LANGUAGE_STANDARD = gnu99;
				GCC_WARN_64_TO_32_BIT_CONVERSION = YES;
				GCC_WARN_ABOUT_RETURN_TYPE = YES_ERROR;
				GCC_WARN_UNDECLARED_SELECTOR = YES;
				GCC_WARN_UNINITIALIZED_AUTOS = YES_AGGRESSIVE;
				GCC_WARN_UNUSED_FUNCTION = YES;
				GCC_WARN_UNUSED_VARIABLE = YES;
				HEADER_SEARCH_PATHS = (
					"\"$(SRCROOT)/Static Library\"",
					"$(inherited)",
					/Applications/Xcode.app/Contents/Developer/Toolchains/XcodeDefault.xctoolchain/usr/include,
				);
				IPHONEOS_DEPLOYMENT_TARGET = 7.1;
				SDKROOT = iphoneos;
				VALIDATE_PRODUCT = YES;
			};
			name = Release;
		};
		525D1B8E195FD9C300410DE1 /* Debug */ = {
			isa = XCBuildConfiguration;
			buildSettings = {
				ASSETCATALOG_COMPILER_APPICON_NAME = AppIcon;
				ASSETCATALOG_COMPILER_LAUNCHIMAGE_NAME = LaunchImage;
				GCC_PRECOMPILE_PREFIX_HEADER = YES;
				GCC_PREFIX_HEADER = "CB Demo/CB Demo-Prefix.pch";
				INFOPLIST_FILE = "CB Demo/CB Demo-Info.plist";
				PRODUCT_NAME = "$(TARGET_NAME)";
				WRAPPER_EXTENSION = app;
			};
			name = Debug;
		};
		525D1B8F195FD9C300410DE1 /* Release */ = {
			isa = XCBuildConfiguration;
			buildSettings = {
				ASSETCATALOG_COMPILER_APPICON_NAME = AppIcon;
				ASSETCATALOG_COMPILER_LAUNCHIMAGE_NAME = LaunchImage;
				GCC_PRECOMPILE_PREFIX_HEADER = YES;
				GCC_PREFIX_HEADER = "CB Demo/CB Demo-Prefix.pch";
				INFOPLIST_FILE = "CB Demo/CB Demo-Info.plist";
				PRODUCT_NAME = "$(TARGET_NAME)";
				WRAPPER_EXTENSION = app;
			};
			name = Release;
		};
		525D1B91195FD9C300410DE1 /* Debug */ = {
			isa = XCBuildConfiguration;
			buildSettings = {
				BUNDLE_LOADER = "$(BUILT_PRODUCTS_DIR)/CB Demo.app/CB Demo";
				FRAMEWORK_SEARCH_PATHS = (
					"$(SDKROOT)/Developer/Library/Frameworks",
					"$(inherited)",
					"$(DEVELOPER_FRAMEWORKS_DIR)",
				);
				GCC_PRECOMPILE_PREFIX_HEADER = YES;
				GCC_PREFIX_HEADER = "CB Demo/CB Demo-Prefix.pch";
				GCC_PREPROCESSOR_DEFINITIONS = (
					"DEBUG=1",
					"$(inherited)",
				);
				INFOPLIST_FILE = "CB DemoTests/CB DemoTests-Info.plist";
				PRODUCT_NAME = "$(TARGET_NAME)";
				TEST_HOST = "$(BUNDLE_LOADER)";
				WRAPPER_EXTENSION = xctest;
			};
			name = Debug;
		};
		525D1B92195FD9C300410DE1 /* Release */ = {
			isa = XCBuildConfiguration;
			buildSettings = {
				BUNDLE_LOADER = "$(BUILT_PRODUCTS_DIR)/CB Demo.app/CB Demo";
				FRAMEWORK_SEARCH_PATHS = (
					"$(SDKROOT)/Developer/Library/Frameworks",
					"$(inherited)",
					"$(DEVELOPER_FRAMEWORKS_DIR)",
				);
				GCC_PRECOMPILE_PREFIX_HEADER = YES;
				GCC_PREFIX_HEADER = "CB Demo/CB Demo-Prefix.pch";
				INFOPLIST_FILE = "CB DemoTests/CB DemoTests-Info.plist";
				PRODUCT_NAME = "$(TARGET_NAME)";
				TEST_HOST = "$(BUNDLE_LOADER)";
				WRAPPER_EXTENSION = xctest;
			};
			name = Release;
		};
/* End XCBuildConfiguration section */

/* Begin XCConfigurationList section */
		525D1B5C195FD9C300410DE1 /* Build configuration list for PBXProject "CB Demo" */ = {
			isa = XCConfigurationList;
			buildConfigurations = (
				525D1B8B195FD9C300410DE1 /* Debug */,
				525D1B8C195FD9C300410DE1 /* Release */,
			);
			defaultConfigurationIsVisible = 0;
			defaultConfigurationName = Release;
		};
		525D1B8D195FD9C300410DE1 /* Build configuration list for PBXNativeTarget "CB Demo" */ = {
			isa = XCConfigurationList;
			buildConfigurations = (
				525D1B8E195FD9C300410DE1 /* Debug */,
				525D1B8F195FD9C300410DE1 /* Release */,
			);
			defaultConfigurationIsVisible = 0;
			defaultConfigurationName = Release;
		};
		525D1B90195FD9C300410DE1 /* Build configuration list for PBXNativeTarget "CB DemoTests" */ = {
			isa = XCConfigurationList;
			buildConfigurations = (
				525D1B91195FD9C300410DE1 /* Debug */,
				525D1B92195FD9C300410DE1 /* Release */,
			);
			defaultConfigurationIsVisible = 0;
			defaultConfigurationName = Release;
		};
/* End XCConfigurationList section */
	};
	rootObject = 525D1B59195FD9C300410DE1 /* Project object */;
}
