// !$*UTF8*$!
{
	archiveVersion = 1;
	classes = {
	};
	objectVersion = 46;
	objects = {

/* Begin PBXBuildFile section */
		09052C2A1BE218E300510F45 /* Alamofire.framework in Frameworks */ = {isa = PBXBuildFile; fileRef = 09052C1F1BE2179400510F45 /* Alamofire.framework */; };
		09052C2B1BE218E300510F45 /* Mantle.framework in Frameworks */ = {isa = PBXBuildFile; fileRef = 09052C221BE2179400510F45 /* Mantle.framework */; };
		09052C2C1BE218E300510F45 /* ReactiveCocoa.framework in Frameworks */ = {isa = PBXBuildFile; fileRef = 0E03F06B1BC2FC4600E44AF7 /* ReactiveCocoa.framework */; };
		09052C2D1BE218E300510F45 /* ReactiveMoya.framework in Frameworks */ = {isa = PBXBuildFile; fileRef = 09052C261BE2179400510F45 /* ReactiveMoya.framework */; };
		09052C2E1BE218E300510F45 /* Result.framework in Frameworks */ = {isa = PBXBuildFile; fileRef = 0E03F0931BC300F400E44AF7 /* Result.framework */; };
		093A3C6A1BBC4E7A0038A71F /* SBAccount.h in Headers */ = {isa = PBXBuildFile; fileRef = 093A3C421BBC4E7A0038A71F /* SBAccount.h */; settings = {ATTRIBUTES = (Public, ); }; };
		093A3C6B1BBC4E7A0038A71F /* SBAccount.m in Sources */ = {isa = PBXBuildFile; fileRef = 093A3C431BBC4E7A0038A71F /* SBAccount.m */; };
		093A3C6C1BBC4E7A0038A71F /* SBAddress.h in Headers */ = {isa = PBXBuildFile; fileRef = 093A3C441BBC4E7A0038A71F /* SBAddress.h */; settings = {ATTRIBUTES = (Public, ); }; };
		093A3C6D1BBC4E7A0038A71F /* SBAddress.m in Sources */ = {isa = PBXBuildFile; fileRef = 093A3C451BBC4E7A0038A71F /* SBAddress.m */; };
		093A3C6E1BBC4E7A0038A71F /* SBAudio.h in Headers */ = {isa = PBXBuildFile; fileRef = 093A3C461BBC4E7A0038A71F /* SBAudio.h */; settings = {ATTRIBUTES = (Public, ); }; };
		093A3C6F1BBC4E7A0038A71F /* SBAudio.m in Sources */ = {isa = PBXBuildFile; fileRef = 093A3C471BBC4E7A0038A71F /* SBAudio.m */; };
		093A3C701BBC4E7A0038A71F /* SBBlog.h in Headers */ = {isa = PBXBuildFile; fileRef = 093A3C481BBC4E7A0038A71F /* SBBlog.h */; settings = {ATTRIBUTES = (Public, ); }; };
		093A3C711BBC4E7A0038A71F /* SBBlog.m in Sources */ = {isa = PBXBuildFile; fileRef = 093A3C491BBC4E7A0038A71F /* SBBlog.m */; };
		093A3C721BBC4E7A0038A71F /* SBComment.h in Headers */ = {isa = PBXBuildFile; fileRef = 093A3C4A1BBC4E7A0038A71F /* SBComment.h */; settings = {ATTRIBUTES = (Public, ); }; };
		093A3C731BBC4E7A0038A71F /* SBComment.m in Sources */ = {isa = PBXBuildFile; fileRef = 093A3C4B1BBC4E7A0038A71F /* SBComment.m */; };
		093A3C741BBC4E7A0038A71F /* SBContent.h in Headers */ = {isa = PBXBuildFile; fileRef = 093A3C4C1BBC4E7A0038A71F /* SBContent.h */; settings = {ATTRIBUTES = (Public, ); }; };
		093A3C751BBC4E7A0038A71F /* SBContent.m in Sources */ = {isa = PBXBuildFile; fileRef = 093A3C4D1BBC4E7A0038A71F /* SBContent.m */; };
		093A3C761BBC4E7A0038A71F /* SBFanClub.h in Headers */ = {isa = PBXBuildFile; fileRef = 093A3C4E1BBC4E7A0038A71F /* SBFanClub.h */; settings = {ATTRIBUTES = (Public, ); }; };
		093A3C771BBC4E7A0038A71F /* SBFanClub.m in Sources */ = {isa = PBXBuildFile; fileRef = 093A3C4F1BBC4E7A0038A71F /* SBFanClub.m */; };
		093A3C781BBC4E7A0038A71F /* SBFanClubDashboard.h in Headers */ = {isa = PBXBuildFile; fileRef = 093A3C501BBC4E7A0038A71F /* SBFanClubDashboard.h */; settings = {ATTRIBUTES = (Public, ); }; };
		093A3C791BBC4E7A0038A71F /* SBFanClubDashboard.m in Sources */ = {isa = PBXBuildFile; fileRef = 093A3C511BBC4E7A0038A71F /* SBFanClubDashboard.m */; };
		093A3C7A1BBC4E7A0038A71F /* SBNotification.h in Headers */ = {isa = PBXBuildFile; fileRef = 093A3C521BBC4E7A0038A71F /* SBNotification.h */; settings = {ATTRIBUTES = (Public, ); }; };
		093A3C7B1BBC4E7A0038A71F /* SBNotification.m in Sources */ = {isa = PBXBuildFile; fileRef = 093A3C531BBC4E7A0038A71F /* SBNotification.m */; };
		093A3C7C1BBC4E7A0038A71F /* SBNotificationSettings.h in Headers */ = {isa = PBXBuildFile; fileRef = 093A3C541BBC4E7A0038A71F /* SBNotificationSettings.h */; settings = {ATTRIBUTES = (Public, ); }; };
		093A3C7D1BBC4E7A0038A71F /* SBNotificationSettings.m in Sources */ = {isa = PBXBuildFile; fileRef = 093A3C551BBC4E7A0038A71F /* SBNotificationSettings.m */; };
		093A3C7E1BBC4E7A0038A71F /* SBObject.h in Headers */ = {isa = PBXBuildFile; fileRef = 093A3C561BBC4E7A0038A71F /* SBObject.h */; settings = {ATTRIBUTES = (Public, ); }; };
		093A3C7F1BBC4E7A0038A71F /* SBObject.m in Sources */ = {isa = PBXBuildFile; fileRef = 093A3C571BBC4E7A0038A71F /* SBObject.m */; };
		093A3C801BBC4E7A0038A71F /* SBOrder.h in Headers */ = {isa = PBXBuildFile; fileRef = 093A3C581BBC4E7A0038A71F /* SBOrder.h */; settings = {ATTRIBUTES = (Public, ); }; };
		093A3C811BBC4E7A0038A71F /* SBOrder.m in Sources */ = {isa = PBXBuildFile; fileRef = 093A3C591BBC4E7A0038A71F /* SBOrder.m */; };
		093A3C821BBC4E7A0038A71F /* SBPhoto.h in Headers */ = {isa = PBXBuildFile; fileRef = 093A3C5A1BBC4E7A0038A71F /* SBPhoto.h */; settings = {ATTRIBUTES = (Public, ); }; };
		093A3C831BBC4E7A0038A71F /* SBPhoto.m in Sources */ = {isa = PBXBuildFile; fileRef = 093A3C5B1BBC4E7A0038A71F /* SBPhoto.m */; };
		093A3C841BBC4E7A0038A71F /* SBShipping.h in Headers */ = {isa = PBXBuildFile; fileRef = 093A3C5C1BBC4E7A0038A71F /* SBShipping.h */; settings = {ATTRIBUTES = (Public, ); }; };
		093A3C851BBC4E7A0038A71F /* SBShipping.m in Sources */ = {isa = PBXBuildFile; fileRef = 093A3C5D1BBC4E7A0038A71F /* SBShipping.m */; };
		093A3C861BBC4E7A0038A71F /* SBStatus.h in Headers */ = {isa = PBXBuildFile; fileRef = 093A3C5E1BBC4E7A0038A71F /* SBStatus.h */; settings = {ATTRIBUTES = (Public, ); }; };
		093A3C871BBC4E7A0038A71F /* SBStatus.m in Sources */ = {isa = PBXBuildFile; fileRef = 093A3C5F1BBC4E7A0038A71F /* SBStatus.m */; };
		093A3C881BBC4E7A0038A71F /* SBStoreDashboard.h in Headers */ = {isa = PBXBuildFile; fileRef = 093A3C601BBC4E7A0038A71F /* SBStoreDashboard.h */; settings = {ATTRIBUTES = (Public, ); }; };
		093A3C891BBC4E7A0038A71F /* SBStoreDashboard.m in Sources */ = {isa = PBXBuildFile; fileRef = 093A3C611BBC4E7A0038A71F /* SBStoreDashboard.m */; };
		093A3C8A1BBC4E7A0038A71F /* SBStoreItem.h in Headers */ = {isa = PBXBuildFile; fileRef = 093A3C621BBC4E7A0038A71F /* SBStoreItem.h */; settings = {ATTRIBUTES = (Public, ); }; };
		093A3C8B1BBC4E7A0038A71F /* SBStoreItem.m in Sources */ = {isa = PBXBuildFile; fileRef = 093A3C631BBC4E7A0038A71F /* SBStoreItem.m */; };
		093A3C8C1BBC4E7A0038A71F /* SBTier.h in Headers */ = {isa = PBXBuildFile; fileRef = 093A3C641BBC4E7A0038A71F /* SBTier.h */; settings = {ATTRIBUTES = (Public, ); }; };
		093A3C8D1BBC4E7A0038A71F /* SBTier.m in Sources */ = {isa = PBXBuildFile; fileRef = 093A3C651BBC4E7A0038A71F /* SBTier.m */; };
		093A3C8E1BBC4E7A0038A71F /* SBUser.h in Headers */ = {isa = PBXBuildFile; fileRef = 093A3C661BBC4E7A0038A71F /* SBUser.h */; settings = {ATTRIBUTES = (Public, ); }; };
		093A3C8F1BBC4E7A0038A71F /* SBUser.m in Sources */ = {isa = PBXBuildFile; fileRef = 093A3C671BBC4E7A0038A71F /* SBUser.m */; };
		093A3C901BBC4E7A0038A71F /* SBVideo.h in Headers */ = {isa = PBXBuildFile; fileRef = 093A3C681BBC4E7A0038A71F /* SBVideo.h */; settings = {ATTRIBUTES = (Public, ); }; };
		093A3C911BBC4E7A0038A71F /* SBVideo.m in Sources */ = {isa = PBXBuildFile; fileRef = 093A3C691BBC4E7A0038A71F /* SBVideo.m */; };
		093A3C951BBC4ECA0038A71F /* MTLValueTransformer+CocoaBloc.h in Headers */ = {isa = PBXBuildFile; fileRef = 093A3C931BBC4ECA0038A71F /* MTLValueTransformer+CocoaBloc.h */; settings = {ATTRIBUTES = (Private, ); }; };
		093A3C961BBC4ECA0038A71F /* MTLValueTransformer+CocoaBloc.m in Sources */ = {isa = PBXBuildFile; fileRef = 093A3C941BBC4ECA0038A71F /* MTLValueTransformer+CocoaBloc.m */; };
		093A3C991BBC4EFD0038A71F /* NSDateFormatter+CocoaBloc.h in Headers */ = {isa = PBXBuildFile; fileRef = 093A3C971BBC4EFD0038A71F /* NSDateFormatter+CocoaBloc.h */; settings = {ATTRIBUTES = (Private, ); }; };
		093A3C9A1BBC4EFD0038A71F /* NSDateFormatter+CocoaBloc.m in Sources */ = {isa = PBXBuildFile; fileRef = 093A3C981BBC4EFD0038A71F /* NSDateFormatter+CocoaBloc.m */; };
		09DB1B131BDF1A010060860F /* SBClient.swift in Sources */ = {isa = PBXBuildFile; fileRef = 09DB1B121BDF1A010060860F /* SBClient.swift */; };
		09DB1B151BDF28920060860F /* Account.swift in Sources */ = {isa = PBXBuildFile; fileRef = 09DB1B141BDF28920060860F /* Account.swift */; };
		09E0B90B1BDF0C19004E7739 /* ClientTests.swift in Sources */ = {isa = PBXBuildFile; fileRef = 09E0B90A1BDF0C19004E7739 /* ClientTests.swift */; };
		09E0B9291BDF10D9004E7739 /* CocoaBloc.framework in Frameworks */ = {isa = PBXBuildFile; fileRef = 09EA2FBE1BBC2CB100167058 /* CocoaBloc.framework */; };
		09EA2FC21BBC2CB100167058 /* CocoaBloc.h in Headers */ = {isa = PBXBuildFile; fileRef = 09EA2FC11BBC2CB100167058 /* CocoaBloc.h */; settings = {ATTRIBUTES = (Public, ); }; };
		0E2A63871BBED3F300D94E84 /* API.swift in Sources */ = {isa = PBXBuildFile; fileRef = 0E2A63861BBED3F300D94E84 /* API.swift */; };
		0EC5FD851BC4CB3200A25A33 /* Client.swift in Sources */ = {isa = PBXBuildFile; fileRef = 0EC5FD841BC4CB3200A25A33 /* Client.swift */; };
		0EC5FD891BC574E500A25A33 /* API+Path.swift in Sources */ = {isa = PBXBuildFile; fileRef = 0EC5FD881BC574E500A25A33 /* API+Path.swift */; };
		0EC5FD8B1BC579D600A25A33 /* API+Method.swift in Sources */ = {isa = PBXBuildFile; fileRef = 0EC5FD8A1BC579D600A25A33 /* API+Method.swift */; };
		0EC5FD8D1BC59F5A00A25A33 /* API+Parameters.swift in Sources */ = {isa = PBXBuildFile; fileRef = 0EC5FD8C1BC59F5A00A25A33 /* API+Parameters.swift */; };
		0EC5FD8F1BC59FA200A25A33 /* API+SampleData.swift in Sources */ = {isa = PBXBuildFile; fileRef = 0EC5FD8E1BC59FA200A25A33 /* API+SampleData.swift */; };
/* End PBXBuildFile section */

/* Begin PBXContainerItemProxy section */
		098F4AD41BBC40FA003A496C /* PBXContainerItemProxy */ = {
			isa = PBXContainerItemProxy;
			containerPortal = 09EA2FB51BBC2CB100167058 /* Project object */;
			proxyType = 1;
			remoteGlobalIDString = 09EA2FBD1BBC2CB100167058;
			remoteInfo = CocoaBloc;
		};
/* End PBXContainerItemProxy section */

/* Begin PBXFileReference section */
		09052C161BE2179400510F45 /* 2036C88A-D99C-3530-A607-AFAA5436F549.bcsymbolmap */ = {isa = PBXFileReference; lastKnownFileType = text; path = "2036C88A-D99C-3530-A607-AFAA5436F549.bcsymbolmap"; sourceTree = "<group>"; };
		09052C171BE2179400510F45 /* 265C0494-F64A-3233-9E56-0829A4AC723F.bcsymbolmap */ = {isa = PBXFileReference; lastKnownFileType = text; path = "265C0494-F64A-3233-9E56-0829A4AC723F.bcsymbolmap"; sourceTree = "<group>"; };
		09052C181BE2179400510F45 /* 2EB6916E-968D-3BD2-8AC5-D3DAF99AA0C9.bcsymbolmap */ = {isa = PBXFileReference; lastKnownFileType = text; path = "2EB6916E-968D-3BD2-8AC5-D3DAF99AA0C9.bcsymbolmap"; sourceTree = "<group>"; };
		09052C191BE2179400510F45 /* 32F2D979-0672-3953-AC46-FE6E0A3492A5.bcsymbolmap */ = {isa = PBXFileReference; lastKnownFileType = text; path = "32F2D979-0672-3953-AC46-FE6E0A3492A5.bcsymbolmap"; sourceTree = "<group>"; };
		09052C1A1BE2179400510F45 /* 49C9FD24-A027-3BE4-A5A4-DFB77A33663F.bcsymbolmap */ = {isa = PBXFileReference; lastKnownFileType = text; path = "49C9FD24-A027-3BE4-A5A4-DFB77A33663F.bcsymbolmap"; sourceTree = "<group>"; };
		09052C1B1BE2179400510F45 /* 7AE6FA97-D817-3AAF-AEBA-4EACC0540E81.bcsymbolmap */ = {isa = PBXFileReference; lastKnownFileType = text; path = "7AE6FA97-D817-3AAF-AEBA-4EACC0540E81.bcsymbolmap"; sourceTree = "<group>"; };
		09052C1C1BE2179400510F45 /* 82D610CE-4D5B-360E-AD68-AC26CE0872A1.bcsymbolmap */ = {isa = PBXFileReference; lastKnownFileType = text; path = "82D610CE-4D5B-360E-AD68-AC26CE0872A1.bcsymbolmap"; sourceTree = "<group>"; };
		09052C1D1BE2179400510F45 /* 9EAD7D47-556C-3340-836A-F4C7F489A37B.bcsymbolmap */ = {isa = PBXFileReference; lastKnownFileType = text; path = "9EAD7D47-556C-3340-836A-F4C7F489A37B.bcsymbolmap"; sourceTree = "<group>"; };
		09052C1E1BE2179400510F45 /* A941BFE5-DD3C-39DD-9082-3D1C19983F38.bcsymbolmap */ = {isa = PBXFileReference; lastKnownFileType = text; path = "A941BFE5-DD3C-39DD-9082-3D1C19983F38.bcsymbolmap"; sourceTree = "<group>"; };
		09052C1F1BE2179400510F45 /* Alamofire.framework */ = {isa = PBXFileReference; lastKnownFileType = wrapper.framework; path = Alamofire.framework; sourceTree = "<group>"; };
		09052C201BE2179400510F45 /* Alamofire.framework.dSYM */ = {isa = PBXFileReference; lastKnownFileType = wrapper.dsym; path = Alamofire.framework.dSYM; sourceTree = "<group>"; };
		09052C211BE2179400510F45 /* D713318A-26E4-31F3-99C9-641920D0D1DD.bcsymbolmap */ = {isa = PBXFileReference; lastKnownFileType = text; path = "D713318A-26E4-31F3-99C9-641920D0D1DD.bcsymbolmap"; sourceTree = "<group>"; };
		09052C221BE2179400510F45 /* Mantle.framework */ = {isa = PBXFileReference; lastKnownFileType = wrapper.framework; path = Mantle.framework; sourceTree = "<group>"; };
		09052C231BE2179400510F45 /* Mantle.framework.dSYM */ = {isa = PBXFileReference; lastKnownFileType = wrapper.dsym; path = Mantle.framework.dSYM; sourceTree = "<group>"; };
		09052C241BE2179400510F45 /* Moya.framework */ = {isa = PBXFileReference; lastKnownFileType = wrapper.framework; path = Moya.framework; sourceTree = "<group>"; };
		09052C251BE2179400510F45 /* Moya.framework.dSYM */ = {isa = PBXFileReference; lastKnownFileType = wrapper.dsym; path = Moya.framework.dSYM; sourceTree = "<group>"; };
		09052C261BE2179400510F45 /* ReactiveMoya.framework */ = {isa = PBXFileReference; lastKnownFileType = wrapper.framework; path = ReactiveMoya.framework; sourceTree = "<group>"; };
		09052C271BE2179400510F45 /* ReactiveMoya.framework.dSYM */ = {isa = PBXFileReference; lastKnownFileType = wrapper.dsym; path = ReactiveMoya.framework.dSYM; sourceTree = "<group>"; };
		09052C281BE2179400510F45 /* RxMoya.framework */ = {isa = PBXFileReference; lastKnownFileType = wrapper.framework; path = RxMoya.framework; sourceTree = "<group>"; };
		09052C291BE2179400510F45 /* RxMoya.framework.dSYM */ = {isa = PBXFileReference; lastKnownFileType = wrapper.dsym; path = RxMoya.framework.dSYM; sourceTree = "<group>"; };
		093A3C421BBC4E7A0038A71F /* SBAccount.h */ = {isa = PBXFileReference; fileEncoding = 4; lastKnownFileType = sourcecode.c.h; path = SBAccount.h; sourceTree = "<group>"; };
		093A3C431BBC4E7A0038A71F /* SBAccount.m */ = {isa = PBXFileReference; fileEncoding = 4; lastKnownFileType = sourcecode.c.objc; path = SBAccount.m; sourceTree = "<group>"; };
		093A3C441BBC4E7A0038A71F /* SBAddress.h */ = {isa = PBXFileReference; fileEncoding = 4; lastKnownFileType = sourcecode.c.h; path = SBAddress.h; sourceTree = "<group>"; };
		093A3C451BBC4E7A0038A71F /* SBAddress.m */ = {isa = PBXFileReference; fileEncoding = 4; lastKnownFileType = sourcecode.c.objc; path = SBAddress.m; sourceTree = "<group>"; };
		093A3C461BBC4E7A0038A71F /* SBAudio.h */ = {isa = PBXFileReference; fileEncoding = 4; lastKnownFileType = sourcecode.c.h; path = SBAudio.h; sourceTree = "<group>"; };
		093A3C471BBC4E7A0038A71F /* SBAudio.m */ = {isa = PBXFileReference; fileEncoding = 4; lastKnownFileType = sourcecode.c.objc; path = SBAudio.m; sourceTree = "<group>"; };
		093A3C481BBC4E7A0038A71F /* SBBlog.h */ = {isa = PBXFileReference; fileEncoding = 4; lastKnownFileType = sourcecode.c.h; path = SBBlog.h; sourceTree = "<group>"; };
		093A3C491BBC4E7A0038A71F /* SBBlog.m */ = {isa = PBXFileReference; fileEncoding = 4; lastKnownFileType = sourcecode.c.objc; path = SBBlog.m; sourceTree = "<group>"; };
		093A3C4A1BBC4E7A0038A71F /* SBComment.h */ = {isa = PBXFileReference; fileEncoding = 4; lastKnownFileType = sourcecode.c.h; path = SBComment.h; sourceTree = "<group>"; };
		093A3C4B1BBC4E7A0038A71F /* SBComment.m */ = {isa = PBXFileReference; fileEncoding = 4; lastKnownFileType = sourcecode.c.objc; path = SBComment.m; sourceTree = "<group>"; };
		093A3C4C1BBC4E7A0038A71F /* SBContent.h */ = {isa = PBXFileReference; fileEncoding = 4; lastKnownFileType = sourcecode.c.h; path = SBContent.h; sourceTree = "<group>"; };
		093A3C4D1BBC4E7A0038A71F /* SBContent.m */ = {isa = PBXFileReference; fileEncoding = 4; lastKnownFileType = sourcecode.c.objc; path = SBContent.m; sourceTree = "<group>"; };
		093A3C4E1BBC4E7A0038A71F /* SBFanClub.h */ = {isa = PBXFileReference; fileEncoding = 4; lastKnownFileType = sourcecode.c.h; path = SBFanClub.h; sourceTree = "<group>"; };
		093A3C4F1BBC4E7A0038A71F /* SBFanClub.m */ = {isa = PBXFileReference; fileEncoding = 4; lastKnownFileType = sourcecode.c.objc; path = SBFanClub.m; sourceTree = "<group>"; };
		093A3C501BBC4E7A0038A71F /* SBFanClubDashboard.h */ = {isa = PBXFileReference; fileEncoding = 4; lastKnownFileType = sourcecode.c.h; path = SBFanClubDashboard.h; sourceTree = "<group>"; };
		093A3C511BBC4E7A0038A71F /* SBFanClubDashboard.m */ = {isa = PBXFileReference; fileEncoding = 4; lastKnownFileType = sourcecode.c.objc; path = SBFanClubDashboard.m; sourceTree = "<group>"; };
		093A3C521BBC4E7A0038A71F /* SBNotification.h */ = {isa = PBXFileReference; fileEncoding = 4; lastKnownFileType = sourcecode.c.h; path = SBNotification.h; sourceTree = "<group>"; };
		093A3C531BBC4E7A0038A71F /* SBNotification.m */ = {isa = PBXFileReference; fileEncoding = 4; lastKnownFileType = sourcecode.c.objc; path = SBNotification.m; sourceTree = "<group>"; };
		093A3C541BBC4E7A0038A71F /* SBNotificationSettings.h */ = {isa = PBXFileReference; fileEncoding = 4; lastKnownFileType = sourcecode.c.h; path = SBNotificationSettings.h; sourceTree = "<group>"; };
		093A3C551BBC4E7A0038A71F /* SBNotificationSettings.m */ = {isa = PBXFileReference; fileEncoding = 4; lastKnownFileType = sourcecode.c.objc; path = SBNotificationSettings.m; sourceTree = "<group>"; };
		093A3C561BBC4E7A0038A71F /* SBObject.h */ = {isa = PBXFileReference; fileEncoding = 4; lastKnownFileType = sourcecode.c.h; path = SBObject.h; sourceTree = "<group>"; };
		093A3C571BBC4E7A0038A71F /* SBObject.m */ = {isa = PBXFileReference; fileEncoding = 4; lastKnownFileType = sourcecode.c.objc; path = SBObject.m; sourceTree = "<group>"; };
		093A3C581BBC4E7A0038A71F /* SBOrder.h */ = {isa = PBXFileReference; fileEncoding = 4; lastKnownFileType = sourcecode.c.h; path = SBOrder.h; sourceTree = "<group>"; };
		093A3C591BBC4E7A0038A71F /* SBOrder.m */ = {isa = PBXFileReference; fileEncoding = 4; lastKnownFileType = sourcecode.c.objc; path = SBOrder.m; sourceTree = "<group>"; };
		093A3C5A1BBC4E7A0038A71F /* SBPhoto.h */ = {isa = PBXFileReference; fileEncoding = 4; lastKnownFileType = sourcecode.c.h; path = SBPhoto.h; sourceTree = "<group>"; };
		093A3C5B1BBC4E7A0038A71F /* SBPhoto.m */ = {isa = PBXFileReference; fileEncoding = 4; lastKnownFileType = sourcecode.c.objc; path = SBPhoto.m; sourceTree = "<group>"; };
		093A3C5C1BBC4E7A0038A71F /* SBShipping.h */ = {isa = PBXFileReference; fileEncoding = 4; lastKnownFileType = sourcecode.c.h; path = SBShipping.h; sourceTree = "<group>"; };
		093A3C5D1BBC4E7A0038A71F /* SBShipping.m */ = {isa = PBXFileReference; fileEncoding = 4; lastKnownFileType = sourcecode.c.objc; path = SBShipping.m; sourceTree = "<group>"; };
		093A3C5E1BBC4E7A0038A71F /* SBStatus.h */ = {isa = PBXFileReference; fileEncoding = 4; lastKnownFileType = sourcecode.c.h; path = SBStatus.h; sourceTree = "<group>"; };
		093A3C5F1BBC4E7A0038A71F /* SBStatus.m */ = {isa = PBXFileReference; fileEncoding = 4; lastKnownFileType = sourcecode.c.objc; path = SBStatus.m; sourceTree = "<group>"; };
		093A3C601BBC4E7A0038A71F /* SBStoreDashboard.h */ = {isa = PBXFileReference; fileEncoding = 4; lastKnownFileType = sourcecode.c.h; path = SBStoreDashboard.h; sourceTree = "<group>"; };
		093A3C611BBC4E7A0038A71F /* SBStoreDashboard.m */ = {isa = PBXFileReference; fileEncoding = 4; lastKnownFileType = sourcecode.c.objc; path = SBStoreDashboard.m; sourceTree = "<group>"; };
		093A3C621BBC4E7A0038A71F /* SBStoreItem.h */ = {isa = PBXFileReference; fileEncoding = 4; lastKnownFileType = sourcecode.c.h; path = SBStoreItem.h; sourceTree = "<group>"; };
		093A3C631BBC4E7A0038A71F /* SBStoreItem.m */ = {isa = PBXFileReference; fileEncoding = 4; lastKnownFileType = sourcecode.c.objc; path = SBStoreItem.m; sourceTree = "<group>"; };
		093A3C641BBC4E7A0038A71F /* SBTier.h */ = {isa = PBXFileReference; fileEncoding = 4; lastKnownFileType = sourcecode.c.h; path = SBTier.h; sourceTree = "<group>"; };
		093A3C651BBC4E7A0038A71F /* SBTier.m */ = {isa = PBXFileReference; fileEncoding = 4; lastKnownFileType = sourcecode.c.objc; path = SBTier.m; sourceTree = "<group>"; };
		093A3C661BBC4E7A0038A71F /* SBUser.h */ = {isa = PBXFileReference; fileEncoding = 4; lastKnownFileType = sourcecode.c.h; path = SBUser.h; sourceTree = "<group>"; };
		093A3C671BBC4E7A0038A71F /* SBUser.m */ = {isa = PBXFileReference; fileEncoding = 4; lastKnownFileType = sourcecode.c.objc; path = SBUser.m; sourceTree = "<group>"; };
		093A3C681BBC4E7A0038A71F /* SBVideo.h */ = {isa = PBXFileReference; fileEncoding = 4; lastKnownFileType = sourcecode.c.h; path = SBVideo.h; sourceTree = "<group>"; };
		093A3C691BBC4E7A0038A71F /* SBVideo.m */ = {isa = PBXFileReference; fileEncoding = 4; lastKnownFileType = sourcecode.c.objc; path = SBVideo.m; sourceTree = "<group>"; };
		093A3C931BBC4ECA0038A71F /* MTLValueTransformer+CocoaBloc.h */ = {isa = PBXFileReference; fileEncoding = 4; lastKnownFileType = sourcecode.c.h; path = "MTLValueTransformer+CocoaBloc.h"; sourceTree = "<group>"; };
		093A3C941BBC4ECA0038A71F /* MTLValueTransformer+CocoaBloc.m */ = {isa = PBXFileReference; fileEncoding = 4; lastKnownFileType = sourcecode.c.objc; path = "MTLValueTransformer+CocoaBloc.m"; sourceTree = "<group>"; };
		093A3C971BBC4EFD0038A71F /* NSDateFormatter+CocoaBloc.h */ = {isa = PBXFileReference; fileEncoding = 4; lastKnownFileType = sourcecode.c.h; path = "NSDateFormatter+CocoaBloc.h"; sourceTree = "<group>"; };
		093A3C981BBC4EFD0038A71F /* NSDateFormatter+CocoaBloc.m */ = {isa = PBXFileReference; fileEncoding = 4; lastKnownFileType = sourcecode.c.objc; path = "NSDateFormatter+CocoaBloc.m"; sourceTree = "<group>"; };
		098F4ACE1BBC40FA003A496C /* CocoaBlocTests.xctest */ = {isa = PBXFileReference; explicitFileType = wrapper.cfbundle; includeInIndex = 0; path = CocoaBlocTests.xctest; sourceTree = BUILT_PRODUCTS_DIR; };
		098F4AD21BBC40FA003A496C /* Info.plist */ = {isa = PBXFileReference; lastKnownFileType = text.plist.xml; path = Info.plist; sourceTree = "<group>"; };
		09DB1B121BDF1A010060860F /* SBClient.swift */ = {isa = PBXFileReference; fileEncoding = 4; lastKnownFileType = sourcecode.swift; path = SBClient.swift; sourceTree = "<group>"; };
		09DB1B141BDF28920060860F /* Account.swift */ = {isa = PBXFileReference; fileEncoding = 4; lastKnownFileType = sourcecode.swift; path = Account.swift; sourceTree = "<group>"; };
		09E0B90A1BDF0C19004E7739 /* ClientTests.swift */ = {isa = PBXFileReference; fileEncoding = 4; lastKnownFileType = sourcecode.swift; path = ClientTests.swift; sourceTree = "<group>"; };
		09EA2FBE1BBC2CB100167058 /* CocoaBloc.framework */ = {isa = PBXFileReference; explicitFileType = wrapper.framework; includeInIndex = 0; path = CocoaBloc.framework; sourceTree = BUILT_PRODUCTS_DIR; };
		09EA2FC11BBC2CB100167058 /* CocoaBloc.h */ = {isa = PBXFileReference; lastKnownFileType = sourcecode.c.h; path = CocoaBloc.h; sourceTree = "<group>"; };
		09EA2FC31BBC2CB100167058 /* Info.plist */ = {isa = PBXFileReference; lastKnownFileType = text.plist.xml; path = Info.plist; sourceTree = "<group>"; };
		09EA2FD91BBC2EBD00167058 /* Mantle.framework */ = {isa = PBXFileReference; lastKnownFileType = wrapper.framework; name = Mantle.framework; path = Carthage/Build/iOS/Mantle.framework; sourceTree = "<group>"; };
		0E03F06B1BC2FC4600E44AF7 /* ReactiveCocoa.framework */ = {isa = PBXFileReference; lastKnownFileType = wrapper.framework; name = ReactiveCocoa.framework; path = Carthage/Build/iOS/ReactiveCocoa.framework; sourceTree = "<group>"; };
		0E03F0901BC300C100E44AF7 /* Alamofire.framework */ = {isa = PBXFileReference; lastKnownFileType = wrapper.framework; name = Alamofire.framework; path = Carthage/Build/iOS/Alamofire.framework; sourceTree = "<group>"; };
		0E03F0931BC300F400E44AF7 /* Result.framework */ = {isa = PBXFileReference; lastKnownFileType = wrapper.framework; name = Result.framework; path = Carthage/Build/iOS/Result.framework; sourceTree = "<group>"; };
		0E2A63861BBED3F300D94E84 /* API.swift */ = {isa = PBXFileReference; fileEncoding = 4; lastKnownFileType = sourcecode.swift; path = API.swift; sourceTree = "<group>"; };
		0E2A638E1BC2CCF100D94E84 /* ReactiveMoya.framework */ = {isa = PBXFileReference; lastKnownFileType = wrapper.framework; name = ReactiveMoya.framework; path = Carthage/Build/iOS/ReactiveMoya.framework; sourceTree = "<group>"; };
		0EC5FD841BC4CB3200A25A33 /* Client.swift */ = {isa = PBXFileReference; fileEncoding = 4; lastKnownFileType = sourcecode.swift; path = Client.swift; sourceTree = "<group>"; };
		0EC5FD881BC574E500A25A33 /* API+Path.swift */ = {isa = PBXFileReference; fileEncoding = 4; lastKnownFileType = sourcecode.swift; path = "API+Path.swift"; sourceTree = "<group>"; };
		0EC5FD8A1BC579D600A25A33 /* API+Method.swift */ = {isa = PBXFileReference; fileEncoding = 4; lastKnownFileType = sourcecode.swift; path = "API+Method.swift"; sourceTree = "<group>"; };
		0EC5FD8C1BC59F5A00A25A33 /* API+Parameters.swift */ = {isa = PBXFileReference; fileEncoding = 4; lastKnownFileType = sourcecode.swift; path = "API+Parameters.swift"; sourceTree = "<group>"; };
		0EC5FD8E1BC59FA200A25A33 /* API+SampleData.swift */ = {isa = PBXFileReference; fileEncoding = 4; lastKnownFileType = sourcecode.swift; path = "API+SampleData.swift"; sourceTree = "<group>"; };
/* End PBXFileReference section */

/* Begin PBXFrameworksBuildPhase section */
		098F4ACB1BBC40FA003A496C /* Frameworks */ = {
			isa = PBXFrameworksBuildPhase;
			buildActionMask = 2147483647;
			files = (
				09E0B9291BDF10D9004E7739 /* CocoaBloc.framework in Frameworks */,
			);
			runOnlyForDeploymentPostprocessing = 0;
		};
		09EA2FBA1BBC2CB100167058 /* Frameworks */ = {
			isa = PBXFrameworksBuildPhase;
			buildActionMask = 2147483647;
			files = (
				09052C2A1BE218E300510F45 /* Alamofire.framework in Frameworks */,
				09052C2B1BE218E300510F45 /* Mantle.framework in Frameworks */,
				09052C2C1BE218E300510F45 /* ReactiveCocoa.framework in Frameworks */,
				09052C2D1BE218E300510F45 /* ReactiveMoya.framework in Frameworks */,
				09052C2E1BE218E300510F45 /* Result.framework in Frameworks */,
			);
			runOnlyForDeploymentPostprocessing = 0;
		};
/* End PBXFrameworksBuildPhase section */

/* Begin PBXGroup section */
		09052C141BE2179400510F45 /* Build */ = {
			isa = PBXGroup;
			children = (
				09052C151BE2179400510F45 /* iOS */,
			);
			name = Build;
			path = Carthage/Build;
			sourceTree = "<group>";
		};
		09052C151BE2179400510F45 /* iOS */ = {
			isa = PBXGroup;
			children = (
				09052C161BE2179400510F45 /* 2036C88A-D99C-3530-A607-AFAA5436F549.bcsymbolmap */,
				09052C171BE2179400510F45 /* 265C0494-F64A-3233-9E56-0829A4AC723F.bcsymbolmap */,
				09052C181BE2179400510F45 /* 2EB6916E-968D-3BD2-8AC5-D3DAF99AA0C9.bcsymbolmap */,
				09052C191BE2179400510F45 /* 32F2D979-0672-3953-AC46-FE6E0A3492A5.bcsymbolmap */,
				09052C1A1BE2179400510F45 /* 49C9FD24-A027-3BE4-A5A4-DFB77A33663F.bcsymbolmap */,
				09052C1B1BE2179400510F45 /* 7AE6FA97-D817-3AAF-AEBA-4EACC0540E81.bcsymbolmap */,
				09052C1C1BE2179400510F45 /* 82D610CE-4D5B-360E-AD68-AC26CE0872A1.bcsymbolmap */,
				09052C1D1BE2179400510F45 /* 9EAD7D47-556C-3340-836A-F4C7F489A37B.bcsymbolmap */,
				09052C1E1BE2179400510F45 /* A941BFE5-DD3C-39DD-9082-3D1C19983F38.bcsymbolmap */,
				09052C1F1BE2179400510F45 /* Alamofire.framework */,
				09052C201BE2179400510F45 /* Alamofire.framework.dSYM */,
				09052C211BE2179400510F45 /* D713318A-26E4-31F3-99C9-641920D0D1DD.bcsymbolmap */,
				09052C221BE2179400510F45 /* Mantle.framework */,
				09052C231BE2179400510F45 /* Mantle.framework.dSYM */,
				09052C241BE2179400510F45 /* Moya.framework */,
				09052C251BE2179400510F45 /* Moya.framework.dSYM */,
				09052C261BE2179400510F45 /* ReactiveMoya.framework */,
				09052C271BE2179400510F45 /* ReactiveMoya.framework.dSYM */,
				09052C281BE2179400510F45 /* RxMoya.framework */,
				09052C291BE2179400510F45 /* RxMoya.framework.dSYM */,
			);
			path = iOS;
			sourceTree = "<group>";
		};
		093A3C411BBC4E7A0038A71F /* Models */ = {
			isa = PBXGroup;
			children = (
				09DB1B141BDF28920060860F /* Account.swift */,
				093A3C421BBC4E7A0038A71F /* SBAccount.h */,
				093A3C431BBC4E7A0038A71F /* SBAccount.m */,
				093A3C441BBC4E7A0038A71F /* SBAddress.h */,
				093A3C451BBC4E7A0038A71F /* SBAddress.m */,
				093A3C461BBC4E7A0038A71F /* SBAudio.h */,
				093A3C471BBC4E7A0038A71F /* SBAudio.m */,
				093A3C481BBC4E7A0038A71F /* SBBlog.h */,
				093A3C491BBC4E7A0038A71F /* SBBlog.m */,
				093A3C4A1BBC4E7A0038A71F /* SBComment.h */,
				093A3C4B1BBC4E7A0038A71F /* SBComment.m */,
				093A3C4C1BBC4E7A0038A71F /* SBContent.h */,
				093A3C4D1BBC4E7A0038A71F /* SBContent.m */,
				093A3C4E1BBC4E7A0038A71F /* SBFanClub.h */,
				093A3C4F1BBC4E7A0038A71F /* SBFanClub.m */,
				093A3C501BBC4E7A0038A71F /* SBFanClubDashboard.h */,
				093A3C511BBC4E7A0038A71F /* SBFanClubDashboard.m */,
				093A3C521BBC4E7A0038A71F /* SBNotification.h */,
				093A3C531BBC4E7A0038A71F /* SBNotification.m */,
				093A3C541BBC4E7A0038A71F /* SBNotificationSettings.h */,
				093A3C551BBC4E7A0038A71F /* SBNotificationSettings.m */,
				093A3C561BBC4E7A0038A71F /* SBObject.h */,
				093A3C571BBC4E7A0038A71F /* SBObject.m */,
				093A3C581BBC4E7A0038A71F /* SBOrder.h */,
				093A3C591BBC4E7A0038A71F /* SBOrder.m */,
				093A3C5A1BBC4E7A0038A71F /* SBPhoto.h */,
				093A3C5B1BBC4E7A0038A71F /* SBPhoto.m */,
				093A3C5C1BBC4E7A0038A71F /* SBShipping.h */,
				093A3C5D1BBC4E7A0038A71F /* SBShipping.m */,
				093A3C5E1BBC4E7A0038A71F /* SBStatus.h */,
				093A3C5F1BBC4E7A0038A71F /* SBStatus.m */,
				093A3C601BBC4E7A0038A71F /* SBStoreDashboard.h */,
				093A3C611BBC4E7A0038A71F /* SBStoreDashboard.m */,
				093A3C621BBC4E7A0038A71F /* SBStoreItem.h */,
				093A3C631BBC4E7A0038A71F /* SBStoreItem.m */,
				093A3C641BBC4E7A0038A71F /* SBTier.h */,
				093A3C651BBC4E7A0038A71F /* SBTier.m */,
				093A3C661BBC4E7A0038A71F /* SBUser.h */,
				093A3C671BBC4E7A0038A71F /* SBUser.m */,
				093A3C681BBC4E7A0038A71F /* SBVideo.h */,
				093A3C691BBC4E7A0038A71F /* SBVideo.m */,
			);
			path = Models;
			sourceTree = "<group>";
		};
		093A3C921BBC4ECA0038A71F /* Private */ = {
			isa = PBXGroup;
			children = (
				093A3C971BBC4EFD0038A71F /* NSDateFormatter+CocoaBloc.h */,
				093A3C981BBC4EFD0038A71F /* NSDateFormatter+CocoaBloc.m */,
				093A3C931BBC4ECA0038A71F /* MTLValueTransformer+CocoaBloc.h */,
				093A3C941BBC4ECA0038A71F /* MTLValueTransformer+CocoaBloc.m */,
			);
			path = Private;
			sourceTree = "<group>";
		};
		093A3C9B1BBC59CA0038A71F /* Dependencies */ = {
			isa = PBXGroup;
			children = (
				0E03F0901BC300C100E44AF7 /* Alamofire.framework */,
				09EA2FD91BBC2EBD00167058 /* Mantle.framework */,
				0E03F06B1BC2FC4600E44AF7 /* ReactiveCocoa.framework */,
				0E2A638E1BC2CCF100D94E84 /* ReactiveMoya.framework */,
				0E03F0931BC300F400E44AF7 /* Result.framework */,
			);
			name = Dependencies;
			sourceTree = "<group>";
		};
		098F4ACF1BBC40FA003A496C /* CocoaBlocTests */ = {
			isa = PBXGroup;
			children = (
				09E0B90A1BDF0C19004E7739 /* ClientTests.swift */,
				098F4AD21BBC40FA003A496C /* Info.plist */,
			);
			path = CocoaBlocTests;
			sourceTree = "<group>";
		};
		09EA2FB41BBC2CB100167058 = {
			isa = PBXGroup;
			children = (
				09052C141BE2179400510F45 /* Build */,
				09EA2FC01BBC2CB100167058 /* CocoaBloc */,
				098F4ACF1BBC40FA003A496C /* CocoaBlocTests */,
				093A3C9B1BBC59CA0038A71F /* Dependencies */,
				09EA2FBF1BBC2CB100167058 /* Products */,
			);
			sourceTree = "<group>";
		};
		09EA2FBF1BBC2CB100167058 /* Products */ = {
			isa = PBXGroup;
			children = (
				09EA2FBE1BBC2CB100167058 /* CocoaBloc.framework */,
				098F4ACE1BBC40FA003A496C /* CocoaBlocTests.xctest */,
			);
			name = Products;
			sourceTree = "<group>";
		};
		09EA2FC01BBC2CB100167058 /* CocoaBloc */ = {
			isa = PBXGroup;
			children = (
				093A3C921BBC4ECA0038A71F /* Private */,
				093A3C411BBC4E7A0038A71F /* Models */,
				0E2A63831BBED28A00D94E84 /* API */,
				09EA2FC11BBC2CB100167058 /* CocoaBloc.h */,
				09EA2FC31BBC2CB100167058 /* Info.plist */,
			);
			path = CocoaBloc;
			sourceTree = "<group>";
		};
		0E2A63831BBED28A00D94E84 /* API */ = {
			isa = PBXGroup;
			children = (
				09DB1B121BDF1A010060860F /* SBClient.swift */,
				0EC5FD841BC4CB3200A25A33 /* Client.swift */,
				0E2A63861BBED3F300D94E84 /* API.swift */,
				0EC5FD881BC574E500A25A33 /* API+Path.swift */,
				0EC5FD8A1BC579D600A25A33 /* API+Method.swift */,
				0EC5FD8C1BC59F5A00A25A33 /* API+Parameters.swift */,
				0EC5FD8E1BC59FA200A25A33 /* API+SampleData.swift */,
			);
			path = API;
			sourceTree = "<group>";
		};
/* End PBXGroup section */

/* Begin PBXHeadersBuildPhase section */
		09EA2FBB1BBC2CB100167058 /* Headers */ = {
			isa = PBXHeadersBuildPhase;
			buildActionMask = 2147483647;
			files = (
				093A3C7C1BBC4E7A0038A71F /* SBNotificationSettings.h in Headers */,
				09EA2FC21BBC2CB100167058 /* CocoaBloc.h in Headers */,
				093A3C761BBC4E7A0038A71F /* SBFanClub.h in Headers */,
				093A3C7A1BBC4E7A0038A71F /* SBNotification.h in Headers */,
				093A3C821BBC4E7A0038A71F /* SBPhoto.h in Headers */,
				093A3C841BBC4E7A0038A71F /* SBShipping.h in Headers */,
				093A3C701BBC4E7A0038A71F /* SBBlog.h in Headers */,
				093A3C901BBC4E7A0038A71F /* SBVideo.h in Headers */,
				093A3C6C1BBC4E7A0038A71F /* SBAddress.h in Headers */,
				093A3C881BBC4E7A0038A71F /* SBStoreDashboard.h in Headers */,
				093A3C721BBC4E7A0038A71F /* SBComment.h in Headers */,
				093A3C8A1BBC4E7A0038A71F /* SBStoreItem.h in Headers */,
				093A3C861BBC4E7A0038A71F /* SBStatus.h in Headers */,
				093A3C781BBC4E7A0038A71F /* SBFanClubDashboard.h in Headers */,
				093A3C7E1BBC4E7A0038A71F /* SBObject.h in Headers */,
				093A3C8E1BBC4E7A0038A71F /* SBUser.h in Headers */,
				093A3C801BBC4E7A0038A71F /* SBOrder.h in Headers */,
				093A3C741BBC4E7A0038A71F /* SBContent.h in Headers */,
				093A3C8C1BBC4E7A0038A71F /* SBTier.h in Headers */,
				093A3C6E1BBC4E7A0038A71F /* SBAudio.h in Headers */,
				093A3C951BBC4ECA0038A71F /* MTLValueTransformer+CocoaBloc.h in Headers */,
				093A3C991BBC4EFD0038A71F /* NSDateFormatter+CocoaBloc.h in Headers */,
				093A3C6A1BBC4E7A0038A71F /* SBAccount.h in Headers */,
			);
			runOnlyForDeploymentPostprocessing = 0;
		};
/* End PBXHeadersBuildPhase section */

/* Begin PBXNativeTarget section */
		098F4ACD1BBC40FA003A496C /* CocoaBlocTests */ = {
			isa = PBXNativeTarget;
			buildConfigurationList = 098F4AD61BBC40FA003A496C /* Build configuration list for PBXNativeTarget "CocoaBlocTests" */;
			buildPhases = (
				098F4ACA1BBC40FA003A496C /* Sources */,
				098F4ACB1BBC40FA003A496C /* Frameworks */,
				098F4ACC1BBC40FA003A496C /* Resources */,
				093A3C0B1BBC44FE0038A71F /* ShellScript */,
			);
			buildRules = (
			);
			dependencies = (
				098F4AD51BBC40FA003A496C /* PBXTargetDependency */,
			);
			name = CocoaBlocTests;
			productName = CocoaBlocTests;
			productReference = 098F4ACE1BBC40FA003A496C /* CocoaBlocTests.xctest */;
			productType = "com.apple.product-type.bundle.unit-test";
		};
		09EA2FBD1BBC2CB100167058 /* CocoaBloc */ = {
			isa = PBXNativeTarget;
			buildConfigurationList = 09EA2FD21BBC2CB100167058 /* Build configuration list for PBXNativeTarget "CocoaBloc" */;
			buildPhases = (
				09EA2FB91BBC2CB100167058 /* Sources */,
				09EA2FBA1BBC2CB100167058 /* Frameworks */,
				09EA2FBB1BBC2CB100167058 /* Headers */,
				09EA2FBC1BBC2CB100167058 /* Resources */,
			);
			buildRules = (
			);
			dependencies = (
			);
			name = CocoaBloc;
			productName = CocoaBloc;
			productReference = 09EA2FBE1BBC2CB100167058 /* CocoaBloc.framework */;
			productType = "com.apple.product-type.framework";
		};
/* End PBXNativeTarget section */

/* Begin PBXProject section */
		09EA2FB51BBC2CB100167058 /* Project object */ = {
			isa = PBXProject;
			attributes = {
				LastSwiftUpdateCheck = 0710;
				LastUpgradeCheck = 0700;
				ORGANIZATIONNAME = StageBloc;
				TargetAttributes = {
					098F4ACD1BBC40FA003A496C = {
						CreatedOnToolsVersion = 7.0.1;
					};
					09EA2FBD1BBC2CB100167058 = {
						CreatedOnToolsVersion = 7.0.1;
					};
				};
			};
			buildConfigurationList = 09EA2FB81BBC2CB100167058 /* Build configuration list for PBXProject "CocoaBloc" */;
			compatibilityVersion = "Xcode 3.2";
			developmentRegion = English;
			hasScannedForEncodings = 0;
			knownRegions = (
				en,
				Base,
			);
			mainGroup = 09EA2FB41BBC2CB100167058;
			productRefGroup = 09EA2FBF1BBC2CB100167058 /* Products */;
			projectDirPath = "";
			projectRoot = "";
			targets = (
				09EA2FBD1BBC2CB100167058 /* CocoaBloc */,
				098F4ACD1BBC40FA003A496C /* CocoaBlocTests */,
			);
		};
/* End PBXProject section */

/* Begin PBXResourcesBuildPhase section */
		098F4ACC1BBC40FA003A496C /* Resources */ = {
			isa = PBXResourcesBuildPhase;
			buildActionMask = 2147483647;
			files = (
			);
			runOnlyForDeploymentPostprocessing = 0;
		};
		09EA2FBC1BBC2CB100167058 /* Resources */ = {
			isa = PBXResourcesBuildPhase;
			buildActionMask = 2147483647;
			files = (
			);
			runOnlyForDeploymentPostprocessing = 0;
		};
/* End PBXResourcesBuildPhase section */

/* Begin PBXShellScriptBuildPhase section */
		093A3C0B1BBC44FE0038A71F /* ShellScript */ = {
			isa = PBXShellScriptBuildPhase;
			buildActionMask = 2147483647;
			files = (
			);
			inputPaths = (
				"$(SRCROOT)/Carthage/Build/iOS/Mantle.framework",
				"$(SRCROOT)/Carthage/Build/iOS/Alamofire.framework",
				"$(SRCROOT)/Carthage/Build/iOS/Result.framework",
				"$(SRCROOT)/Carthage/Build/iOS/ReactiveCocoa.framework",
				"$(SRCROOT)/Carthage/Build/iOS/ReactiveMoya.framework",
			);
			outputPaths = (
			);
			runOnlyForDeploymentPostprocessing = 0;
			shellPath = /bin/sh;
			shellScript = "/usr/local/bin/carthage copy-frameworks\n";
		};
/* End PBXShellScriptBuildPhase section */

/* Begin PBXSourcesBuildPhase section */
		098F4ACA1BBC40FA003A496C /* Sources */ = {
			isa = PBXSourcesBuildPhase;
			buildActionMask = 2147483647;
			files = (
				09E0B90B1BDF0C19004E7739 /* ClientTests.swift in Sources */,
			);
			runOnlyForDeploymentPostprocessing = 0;
		};
		09EA2FB91BBC2CB100167058 /* Sources */ = {
			isa = PBXSourcesBuildPhase;
			buildActionMask = 2147483647;
			files = (
				093A3C851BBC4E7A0038A71F /* SBShipping.m in Sources */,
				093A3C811BBC4E7A0038A71F /* SBOrder.m in Sources */,
				093A3C9A1BBC4EFD0038A71F /* NSDateFormatter+CocoaBloc.m in Sources */,
				0EC5FD8B1BC579D600A25A33 /* API+Method.swift in Sources */,
				0EC5FD891BC574E500A25A33 /* API+Path.swift in Sources */,
				09DB1B151BDF28920060860F /* Account.swift in Sources */,
				093A3C731BBC4E7A0038A71F /* SBComment.m in Sources */,
				093A3C751BBC4E7A0038A71F /* SBContent.m in Sources */,
				093A3C6B1BBC4E7A0038A71F /* SBAccount.m in Sources */,
				093A3C791BBC4E7A0038A71F /* SBFanClubDashboard.m in Sources */,
				093A3C711BBC4E7A0038A71F /* SBBlog.m in Sources */,
				093A3C8B1BBC4E7A0038A71F /* SBStoreItem.m in Sources */,
				093A3C6D1BBC4E7A0038A71F /* SBAddress.m in Sources */,
				093A3C8D1BBC4E7A0038A71F /* SBTier.m in Sources */,
				093A3C911BBC4E7A0038A71F /* SBVideo.m in Sources */,
				093A3C831BBC4E7A0038A71F /* SBPhoto.m in Sources */,
				0E2A63871BBED3F300D94E84 /* API.swift in Sources */,
				093A3C961BBC4ECA0038A71F /* MTLValueTransformer+CocoaBloc.m in Sources */,
				093A3C7B1BBC4E7A0038A71F /* SBNotification.m in Sources */,
				093A3C7D1BBC4E7A0038A71F /* SBNotificationSettings.m in Sources */,
				093A3C7F1BBC4E7A0038A71F /* SBObject.m in Sources */,
				0EC5FD8D1BC59F5A00A25A33 /* API+Parameters.swift in Sources */,
				0EC5FD851BC4CB3200A25A33 /* Client.swift in Sources */,
				093A3C771BBC4E7A0038A71F /* SBFanClub.m in Sources */,
				093A3C871BBC4E7A0038A71F /* SBStatus.m in Sources */,
				093A3C6F1BBC4E7A0038A71F /* SBAudio.m in Sources */,
				09DB1B131BDF1A010060860F /* SBClient.swift in Sources */,
				093A3C891BBC4E7A0038A71F /* SBStoreDashboard.m in Sources */,
				0EC5FD8F1BC59FA200A25A33 /* API+SampleData.swift in Sources */,
				093A3C8F1BBC4E7A0038A71F /* SBUser.m in Sources */,
			);
			runOnlyForDeploymentPostprocessing = 0;
		};
/* End PBXSourcesBuildPhase section */

/* Begin PBXTargetDependency section */
		098F4AD51BBC40FA003A496C /* PBXTargetDependency */ = {
			isa = PBXTargetDependency;
			target = 09EA2FBD1BBC2CB100167058 /* CocoaBloc */;
			targetProxy = 098F4AD41BBC40FA003A496C /* PBXContainerItemProxy */;
		};
/* End PBXTargetDependency section */

/* Begin XCBuildConfiguration section */
		098F4AD71BBC40FA003A496C /* Debug */ = {
			isa = XCBuildConfiguration;
			buildSettings = {
				CLANG_ENABLE_MODULES = YES;
				EMBEDDED_CONTENT_CONTAINS_SWIFT = NO;
				FRAMEWORK_SEARCH_PATHS = (
					"$(inherited)",
					"$(PROJECT_DIR)/Carthage/Build/iOS",
				);
				INFOPLIST_FILE = CocoaBlocTests/Info.plist;
				LD_RUNPATH_SEARCH_PATHS = "$(inherited) @executable_path/Frameworks @loader_path/Frameworks";
				PRODUCT_BUNDLE_IDENTIFIER = com.stagebloc.CocoaBlocTests;
				PRODUCT_NAME = "$(TARGET_NAME)";
				SWIFT_OPTIMIZATION_LEVEL = "-Onone";
			};
			name = Debug;
		};
		098F4AD81BBC40FA003A496C /* Release */ = {
			isa = XCBuildConfiguration;
			buildSettings = {
				CLANG_ENABLE_MODULES = YES;
				EMBEDDED_CONTENT_CONTAINS_SWIFT = NO;
				FRAMEWORK_SEARCH_PATHS = (
					"$(inherited)",
					"$(PROJECT_DIR)/Carthage/Build/iOS",
				);
				INFOPLIST_FILE = CocoaBlocTests/Info.plist;
				LD_RUNPATH_SEARCH_PATHS = "$(inherited) @executable_path/Frameworks @loader_path/Frameworks";
				PRODUCT_BUNDLE_IDENTIFIER = com.stagebloc.CocoaBlocTests;
				PRODUCT_NAME = "$(TARGET_NAME)";
			};
			name = Release;
		};
		09EA2FD01BBC2CB100167058 /* Debug */ = {
			isa = XCBuildConfiguration;
			buildSettings = {
				ALWAYS_SEARCH_USER_PATHS = NO;
				CLANG_CXX_LANGUAGE_STANDARD = "gnu++0x";
				CLANG_CXX_LIBRARY = "libc++";
				CLANG_ENABLE_MODULES = YES;
				CLANG_ENABLE_OBJC_ARC = YES;
				CLANG_WARN_BOOL_CONVERSION = YES;
				CLANG_WARN_CONSTANT_CONVERSION = YES;
				CLANG_WARN_DIRECT_OBJC_ISA_USAGE = YES_ERROR;
				CLANG_WARN_EMPTY_BODY = YES;
				CLANG_WARN_ENUM_CONVERSION = YES;
				CLANG_WARN_INT_CONVERSION = YES;
				CLANG_WARN_OBJC_ROOT_CLASS = YES_ERROR;
				CLANG_WARN_UNREACHABLE_CODE = YES;
				CLANG_WARN__DUPLICATE_METHOD_MATCH = YES;
				COPY_PHASE_STRIP = NO;
				CURRENT_PROJECT_VERSION = 1;
				DEBUG_INFORMATION_FORMAT = dwarf;
				ENABLE_STRICT_OBJC_MSGSEND = YES;
				ENABLE_TESTABILITY = YES;
				GCC_C_LANGUAGE_STANDARD = gnu99;
				GCC_DYNAMIC_NO_PIC = NO;
				GCC_NO_COMMON_BLOCKS = YES;
				GCC_OPTIMIZATION_LEVEL = 0;
				GCC_PREPROCESSOR_DEFINITIONS = (
					"DEBUG=1",
					"$(inherited)",
				);
				GCC_WARN_64_TO_32_BIT_CONVERSION = YES;
				GCC_WARN_ABOUT_RETURN_TYPE = YES_ERROR;
				GCC_WARN_UNDECLARED_SELECTOR = YES;
				GCC_WARN_UNINITIALIZED_AUTOS = YES_AGGRESSIVE;
				GCC_WARN_UNUSED_FUNCTION = YES;
				GCC_WARN_UNUSED_VARIABLE = YES;
				IPHONEOS_DEPLOYMENT_TARGET = 9.0;
				MTL_ENABLE_DEBUG_INFO = YES;
				ONLY_ACTIVE_ARCH = YES;
				SDKROOT = iphoneos;
				SWIFT_OPTIMIZATION_LEVEL = "-Onone";
				TARGETED_DEVICE_FAMILY = "1,2";
				VERSIONING_SYSTEM = "apple-generic";
				VERSION_INFO_PREFIX = "";
			};
			name = Debug;
		};
		09EA2FD11BBC2CB100167058 /* Release */ = {
			isa = XCBuildConfiguration;
			buildSettings = {
				ALWAYS_SEARCH_USER_PATHS = NO;
				CLANG_CXX_LANGUAGE_STANDARD = "gnu++0x";
				CLANG_CXX_LIBRARY = "libc++";
				CLANG_ENABLE_MODULES = YES;
				CLANG_ENABLE_OBJC_ARC = YES;
				CLANG_WARN_BOOL_CONVERSION = YES;
				CLANG_WARN_CONSTANT_CONVERSION = YES;
				CLANG_WARN_DIRECT_OBJC_ISA_USAGE = YES_ERROR;
				CLANG_WARN_EMPTY_BODY = YES;
				CLANG_WARN_ENUM_CONVERSION = YES;
				CLANG_WARN_INT_CONVERSION = YES;
				CLANG_WARN_OBJC_ROOT_CLASS = YES_ERROR;
				CLANG_WARN_UNREACHABLE_CODE = YES;
				CLANG_WARN__DUPLICATE_METHOD_MATCH = YES;
				"CODE_SIGN_IDENTITY[sdk=iphoneos*]" = "iPhone Developer";
				COPY_PHASE_STRIP = NO;
				CURRENT_PROJECT_VERSION = 1;
				DEBUG_INFORMATION_FORMAT = "dwarf-with-dsym";
				ENABLE_NS_ASSERTIONS = NO;
				ENABLE_STRICT_OBJC_MSGSEND = YES;
				GCC_C_LANGUAGE_STANDARD = gnu99;
				GCC_NO_COMMON_BLOCKS = YES;
				GCC_WARN_64_TO_32_BIT_CONVERSION = YES;
				GCC_WARN_ABOUT_RETURN_TYPE = YES_ERROR;
				GCC_WARN_UNDECLARED_SELECTOR = YES;
				GCC_WARN_UNINITIALIZED_AUTOS = YES_AGGRESSIVE;
				GCC_WARN_UNUSED_FUNCTION = YES;
				GCC_WARN_UNUSED_VARIABLE = YES;
				IPHONEOS_DEPLOYMENT_TARGET = 9.0;
				MTL_ENABLE_DEBUG_INFO = NO;
				SDKROOT = iphoneos;
				TARGETED_DEVICE_FAMILY = "1,2";
				VALIDATE_PRODUCT = YES;
				VERSIONING_SYSTEM = "apple-generic";
				VERSION_INFO_PREFIX = "";
			};
			name = Release;
		};
		09EA2FD31BBC2CB100167058 /* Debug */ = {
			isa = XCBuildConfiguration;
			buildSettings = {
				CLANG_ENABLE_MODULES = YES;
				CLANG_WARN_DEPRECATED_OBJC_IMPLEMENTATIONS = YES;
				CLANG_WARN_OBJC_IMPLICIT_RETAIN_SELF = YES;
				CODE_SIGN_IDENTITY = "iPhone Developer";
				DEFINES_MODULE = YES;
				DYLIB_COMPATIBILITY_VERSION = 1;
				DYLIB_CURRENT_VERSION = 1;
				DYLIB_INSTALL_NAME_BASE = "@rpath";
				EMBEDDED_CONTENT_CONTAINS_SWIFT = NO;
				FRAMEWORK_SEARCH_PATHS = (
					"$(inherited)",
					"$(PROJECT_DIR)/Carthage/Build/iOS",
				);
				GCC_WARN_PEDANTIC = NO;
				GCC_WARN_UNUSED_PARAMETER = NO;
				INFOPLIST_FILE = CocoaBloc/Info.plist;
				INSTALL_PATH = "$(LOCAL_LIBRARY_DIR)/Frameworks";
				LD_RUNPATH_SEARCH_PATHS = "$(inherited) @executable_path/Frameworks @loader_path/Frameworks";
				PRODUCT_BUNDLE_IDENTIFIER = com.stagebloc.CocoaBloc;
				PRODUCT_NAME = "$(TARGET_NAME)";
				SKIP_INSTALL = YES;
				SWIFT_OBJC_BRIDGING_HEADER = "";
				SWIFT_OPTIMIZATION_LEVEL = "-Onone";
			};
			name = Debug;
		};
		09EA2FD41BBC2CB100167058 /* Release */ = {
			isa = XCBuildConfiguration;
			buildSettings = {
				CLANG_ENABLE_MODULES = YES;
				CLANG_WARN_DEPRECATED_OBJC_IMPLEMENTATIONS = YES;
				CLANG_WARN_OBJC_IMPLICIT_RETAIN_SELF = YES;
				CODE_SIGN_IDENTITY = "iPhone Developer";
				DEFINES_MODULE = YES;
				DYLIB_COMPATIBILITY_VERSION = 1;
				DYLIB_CURRENT_VERSION = 1;
				DYLIB_INSTALL_NAME_BASE = "@rpath";
				EMBEDDED_CONTENT_CONTAINS_SWIFT = NO;
				FRAMEWORK_SEARCH_PATHS = (
					"$(inherited)",
					"$(PROJECT_DIR)/Carthage/Build/iOS",
				);
				GCC_WARN_PEDANTIC = NO;
				GCC_WARN_UNUSED_PARAMETER = NO;
				INFOPLIST_FILE = CocoaBloc/Info.plist;
				INSTALL_PATH = "$(LOCAL_LIBRARY_DIR)/Frameworks";
				LD_RUNPATH_SEARCH_PATHS = "$(inherited) @executable_path/Frameworks @loader_path/Frameworks";
				PRODUCT_BUNDLE_IDENTIFIER = com.stagebloc.CocoaBloc;
				PRODUCT_NAME = "$(TARGET_NAME)";
				SKIP_INSTALL = YES;
				SWIFT_OBJC_BRIDGING_HEADER = "";
			};
			name = Release;
		};
/* End XCBuildConfiguration section */

/* Begin XCConfigurationList section */
		098F4AD61BBC40FA003A496C /* Build configuration list for PBXNativeTarget "CocoaBlocTests" */ = {
			isa = XCConfigurationList;
			buildConfigurations = (
				098F4AD71BBC40FA003A496C /* Debug */,
				098F4AD81BBC40FA003A496C /* Release */,
			);
			defaultConfigurationIsVisible = 0;
			defaultConfigurationName = Release;
		};
		09EA2FB81BBC2CB100167058 /* Build configuration list for PBXProject "CocoaBloc" */ = {
			isa = XCConfigurationList;
			buildConfigurations = (
				09EA2FD01BBC2CB100167058 /* Debug */,
				09EA2FD11BBC2CB100167058 /* Release */,
			);
			defaultConfigurationIsVisible = 0;
			defaultConfigurationName = Release;
		};
		09EA2FD21BBC2CB100167058 /* Build configuration list for PBXNativeTarget "CocoaBloc" */ = {
			isa = XCConfigurationList;
			buildConfigurations = (
				09EA2FD31BBC2CB100167058 /* Debug */,
				09EA2FD41BBC2CB100167058 /* Release */,
			);
			defaultConfigurationIsVisible = 0;
			defaultConfigurationName = Release;
		};
/* End XCConfigurationList section */
	};
	rootObject = 09EA2FB51BBC2CB100167058 /* Project object */;
}
